
Microsoft Visual Studio Solution File, Format Version 12.00
# Visual Studio Version 17
VisualStudioVersion = 17.10.35013.160
MinimumVisualStudioVersion = 10.0.40219.1
Project("{8BC9CEB8-8B4A-11D0-8D11-00A0C91BC942}") = "240627_42748", "240627_42748\240627_42748.vcxproj", "{93727052-28F0-43EB-82E4-10809094D7FA}"
EndProject
Project("{8BC9CEB8-8B4A-11D0-8D11-00A0C91BC942}") = "240701_12977", "240701_12977\240701_12977.vcxproj", "{8968A5BA-AAA1-45C8-A856-CC5C05043391}"
EndProject
Project("{8BC9CEB8-8B4A-11D0-8D11-00A0C91BC942}") = "240702_131128", "240702_131128\240702_131128.vcxproj", "{0799EC88-BB1E-4FC8-8E1E-95444DD174E0}"
EndProject
Project("{8BC9CEB8-8B4A-11D0-8D11-00A0C91BC942}") = "240703_136798", "240703_136798\240703_136798.vcxproj", "{E509FEA3-180A-47E4-8FE5-FEE94076E348}"
EndProject
Project("{8BC9CEB8-8B4A-11D0-8D11-00A0C91BC942}") = "240704_155652", "240704_155652\240704_155652.vcxproj", "{441120AD-9FB0-4BD2-81CD-0809707CDCC0}"
EndProject
Project("{8BC9CEB8-8B4A-11D0-8D11-00A0C91BC942}") = "240708_178871", "240708_178871\240708_178871.vcxproj", "{937AD760-2A84-43DE-910E-45D59802EA10}"
EndProject
Project("{8BC9CEB8-8B4A-11D0-8D11-00A0C91BC942}") = "240709_12912", "240709_12912\240709_12912.vcxproj", "{363C7B86-DBFD-41B9-A72E-76697C08AB8E}"
EndProject
Project("{8BC9CEB8-8B4A-11D0-8D11-00A0C91BC942}") = "240710_138477", "240710_138477\240710_138477.vcxproj", "{FADC3731-E68B-41A5-948E-D6C9D3E0251B}"
EndProject
Project("{8BC9CEB8-8B4A-11D0-8D11-00A0C91BC942}") = "240711_133502", "240711_133502\240711_133502.vcxproj", "{04894914-B4A2-4110-B2AE-B331BD060BEE}"
EndProject
Project("{8BC9CEB8-8B4A-11D0-8D11-00A0C91BC942}") = "240716_132267", "240716_132267\240716_132267.vcxproj", "{17298F87-601E-4374-810C-CCD7F00093E4}"
EndProject
Project("{2150E333-8FDC-42A3-9474-1A3956D46DE8}") = "00주차", "00주차", "{FB4CBA2A-36A8-4791-90FC-476E7D4B5134}"
EndProject
Project("{2150E333-8FDC-42A3-9474-1A3956D46DE8}") = "01주차", "01주차", "{0CF5F95D-F9F2-4AE3-90F1-49207A11291D}"
EndProject
Project("{2150E333-8FDC-42A3-9474-1A3956D46DE8}") = "02주차", "02주차", "{3372F5B2-3045-480B-83E1-164A8995565A}"
EndProject
Project("{8BC9CEB8-8B4A-11D0-8D11-00A0C91BC942}") = "240715_42576", "240715_42576\240715_42576.vcxproj", "{E83162AF-B327-447F-90FE-E180DE3787A4}"
EndProject
Project("{2150E333-8FDC-42A3-9474-1A3956D46DE8}") = "03주차", "03주차", "{71DB881D-96C8-4D11-A474-E486D638EF3A}"
EndProject
Project("{8BC9CEB8-8B4A-11D0-8D11-00A0C91BC942}") = "240717_12943", "240717_12943\240717_12943.vcxproj", "{FC6B646D-337A-4893-8B54-689127BE2C6F}"
EndProject
Project("{8BC9CEB8-8B4A-11D0-8D11-00A0C91BC942}") = "240718_12922", "240718_12922\240718_12922.vcxproj", "{289A7606-ABD4-4BA2-A346-3F36BB710F0C}"
EndProject
Project("{2150E333-8FDC-42A3-9474-1A3956D46DE8}") = "04주차", "04주차", "{B91BDDA7-456E-43B7-8A31-B2C3B38C9218}"
EndProject
Project("{8BC9CEB8-8B4A-11D0-8D11-00A0C91BC942}") = "240722_1845", "240722_1845\240722_1845.vcxproj", "{DE85A4D0-D981-416B-A0D7-AFBEF827800E}"
EndProject
Project("{8BC9CEB8-8B4A-11D0-8D11-00A0C91BC942}") = "240723_67256", "240723_67256\240723_67256.vcxproj", "{852DF872-5F7B-44B0-87BB-C2C1CDD516E3}"
EndProject
Project("{8BC9CEB8-8B4A-11D0-8D11-00A0C91BC942}") = "240724_12901", "240724_12901\240724_12901.vcxproj", "{24D21E07-6CF8-4AA3-A1D4-DB89632B7416}"
EndProject
Project("{8BC9CEB8-8B4A-11D0-8D11-00A0C91BC942}") = "240725_134240", "240725_134240\240725_134240.vcxproj", "{07D28A4F-CD50-40CF-B44B-A26D3A6FE05C}"
EndProject
Project("{2150E333-8FDC-42A3-9474-1A3956D46DE8}") = "05주차", "05주차", "{14FBBAE4-CF00-4E59-A46B-68A535CA651A}"
EndProject
Project("{8BC9CEB8-8B4A-11D0-8D11-00A0C91BC942}") = "240729_86491", "240729_86491\240729_86491.vcxproj", "{4FA08FFA-FED1-4920-BBDA-4C816A06D8BC}"
EndProject
Project("{8BC9CEB8-8B4A-11D0-8D11-00A0C91BC942}") = "240730_159994", "240730_159994\240730_159994.vcxproj", "{6D25006E-9D35-42FB-BE3D-8BADFC8F4DBE}"
EndProject
Project("{8BC9CEB8-8B4A-11D0-8D11-00A0C91BC942}") = "240731_135808", "240731_135808\240731_135808.vcxproj", "{DD467B7A-6DAE-4FF8-8655-09F5706DA477}"
EndProject
Project("{8BC9CEB8-8B4A-11D0-8D11-00A0C91BC942}") = "240801_81301", "240801_81301\240801_81301.vcxproj", "{A5544DBD-340C-4E7C-A904-CE23B06E3DC6}"
EndProject
Project("{2150E333-8FDC-42A3-9474-1A3956D46DE8}") = "06주차", "06주차", "{395C8B49-12F3-454B-9CB4-16711914A1CC}"
EndProject
Project("{8BC9CEB8-8B4A-11D0-8D11-00A0C91BC942}") = "240805_72410", "240805_72410\240805_72410.vcxproj", "{E55CAD2F-B135-4E78-AFAF-BD5ECDAF49DB}"
EndProject
Project("{8BC9CEB8-8B4A-11D0-8D11-00A0C91BC942}") = "240806_92334", "240806_92334\240806_92334.vcxproj", "{3F6FBFC9-CBBA-4AB4-8209-9F5D44FAEF7F}"
EndProject
Project("{8BC9CEB8-8B4A-11D0-8D11-00A0C91BC942}") = "240807_131705", "240807_131705\240807_131705.vcxproj", "{A5073B2F-2850-4ED0-AFCD-C00646D315BC}"
EndProject
Project("{8BC9CEB8-8B4A-11D0-8D11-00A0C91BC942}") = "240808_64061", "240808_64061\240808_64061.vcxproj", "{BFA5F992-7023-4E8D-AD26-7D582A8DC4CA}"
EndProject
Project("{2150E333-8FDC-42A3-9474-1A3956D46DE8}") = "07주차", "07주차", "{E5132BC7-C6F2-4766-AA84-356D1C085249}"
EndProject
Project("{8BC9CEB8-8B4A-11D0-8D11-00A0C91BC942}") = "240812_161989", "240812_161989\240812_161989.vcxproj", "{E1572D61-C062-4EAD-9E39-CE88472A54FB}"
EndProject
Project("{8BC9CEB8-8B4A-11D0-8D11-00A0C91BC942}") = "240813_12934", "240813_12934\240813_12934.vcxproj", "{AE58A301-6A88-4E7C-923D-F77E218BC2CE}"
EndProject
Project("{8BC9CEB8-8B4A-11D0-8D11-00A0C91BC942}") = "240814_42889", "240814_42889\240814_42889.vcxproj", "{06DC6702-4B38-44A1-B4C6-220E99CC0931}"
EndProject
Project("{8BC9CEB8-8B4A-11D0-8D11-00A0C91BC942}") = "240815_86051", "240815_86051\240815_86051.vcxproj", "{DD9832AA-645A-461D-811D-418B2F054B1B}"
EndProject
Project("{2150E333-8FDC-42A3-9474-1A3956D46DE8}") = "08주차", "08주차", "{983109B2-094C-46FC-BB59-759CC987DA2D}"
EndProject
Project("{8BC9CEB8-8B4A-11D0-8D11-00A0C91BC942}") = "240819_172928", "240819_172928\240819_172928.vcxproj", "{9A4F101A-3740-4AFF-B53B-BD3666465C68}"
EndProject
Project("{8BC9CEB8-8B4A-11D0-8D11-00A0C91BC942}") = "240820_250121", "240820_250121\240820_250121.vcxproj", "{47D0BB90-2C3F-45D5-A6DA-B593213C8531}"
EndProject
Project("{8BC9CEB8-8B4A-11D0-8D11-00A0C91BC942}") = "240821_12906", "240821_12906\240821_12906.vcxproj", "{F3E26488-9666-44BE-B4A8-C319AD2DC78E}"
EndProject
Project("{8BC9CEB8-8B4A-11D0-8D11-00A0C91BC942}") = "240822_118666", "240822_118666\240822_118666.vcxproj", "{EE663FE1-A61B-4E2C-9A15-1ECA782ED7FB}"
EndProject
Project("{2150E333-8FDC-42A3-9474-1A3956D46DE8}") = "09주차", "09주차", "{1E7DD188-A98A-455F-91D9-543E83FCD63D}"
EndProject
Project("{8BC9CEB8-8B4A-11D0-8D11-00A0C91BC942}") = "240826_176963", "240826_176963\240826_176963.vcxproj", "{1C1870BB-156D-43D9-A265-928A1833B0C2}"
EndProject
Project("{8BC9CEB8-8B4A-11D0-8D11-00A0C91BC942}") = "240827_42862", "240827_42862\240827_42862.vcxproj", "{093F937F-E122-4ABF-99B4-4C6B298C87EB}"
EndProject
Project("{8BC9CEB8-8B4A-11D0-8D11-00A0C91BC942}") = "240828_140108", "240828_140108\240828_140108.vcxproj", "{6AE60682-6122-4156-98EA-9B193B1961B4}"
EndProject
Project("{8BC9CEB8-8B4A-11D0-8D11-00A0C91BC942}") = "240829_250137", "240829_250137\240829_250137.vcxproj", "{3644991C-5161-4ADE-B238-286D13C49A62}"
EndProject
Project("{2150E333-8FDC-42A3-9474-1A3956D46DE8}") = "10주차", "10주차", "{1AD759AA-54C9-4A09-8C18-7BBD6548188F}"
EndProject
Project("{8BC9CEB8-8B4A-11D0-8D11-00A0C91BC942}") = "240902_258712", "240902_258712\240902_258712.vcxproj", "{E5E573E7-1A0E-4A00-8760-076F73F9A536}"
EndProject
Project("{8BC9CEB8-8B4A-11D0-8D11-00A0C91BC942}") = "240903_17681", "240903_17681\240903_17681.vcxproj", "{0641480B-8BCC-42F2-AF6D-19F0FABD28C3}"
EndProject
Project("{8BC9CEB8-8B4A-11D0-8D11-00A0C91BC942}") = "240904_12915", "240904_12915\240904_12915.vcxproj", "{180A6C55-166C-446D-84D3-6F40B307291D}"
EndProject
Project("{8BC9CEB8-8B4A-11D0-8D11-00A0C91BC942}") = "240905_76501", "240905_76501\240905_76501.vcxproj", "{90D0ED1A-3DA6-47D8-AF66-C560521443C5}"
EndProject
Global
	GlobalSection(SolutionConfigurationPlatforms) = preSolution
		Debug|x64 = Debug|x64
		Debug|x86 = Debug|x86
		Release|x64 = Release|x64
		Release|x86 = Release|x86
	EndGlobalSection
	GlobalSection(ProjectConfigurationPlatforms) = postSolution
		{93727052-28F0-43EB-82E4-10809094D7FA}.Debug|x64.ActiveCfg = Debug|x64
		{93727052-28F0-43EB-82E4-10809094D7FA}.Debug|x64.Build.0 = Debug|x64
		{93727052-28F0-43EB-82E4-10809094D7FA}.Debug|x86.ActiveCfg = Debug|Win32
		{93727052-28F0-43EB-82E4-10809094D7FA}.Debug|x86.Build.0 = Debug|Win32
		{93727052-28F0-43EB-82E4-10809094D7FA}.Release|x64.ActiveCfg = Release|x64
		{93727052-28F0-43EB-82E4-10809094D7FA}.Release|x64.Build.0 = Release|x64
		{93727052-28F0-43EB-82E4-10809094D7FA}.Release|x86.ActiveCfg = Release|Win32
		{93727052-28F0-43EB-82E4-10809094D7FA}.Release|x86.Build.0 = Release|Win32
		{8968A5BA-AAA1-45C8-A856-CC5C05043391}.Debug|x64.ActiveCfg = Debug|x64
		{8968A5BA-AAA1-45C8-A856-CC5C05043391}.Debug|x64.Build.0 = Debug|x64
		{8968A5BA-AAA1-45C8-A856-CC5C05043391}.Debug|x86.ActiveCfg = Debug|Win32
		{8968A5BA-AAA1-45C8-A856-CC5C05043391}.Debug|x86.Build.0 = Debug|Win32
		{8968A5BA-AAA1-45C8-A856-CC5C05043391}.Release|x64.ActiveCfg = Release|x64
		{8968A5BA-AAA1-45C8-A856-CC5C05043391}.Release|x64.Build.0 = Release|x64
		{8968A5BA-AAA1-45C8-A856-CC5C05043391}.Release|x86.ActiveCfg = Release|Win32
		{8968A5BA-AAA1-45C8-A856-CC5C05043391}.Release|x86.Build.0 = Release|Win32
		{0799EC88-BB1E-4FC8-8E1E-95444DD174E0}.Debug|x64.ActiveCfg = Debug|x64
		{0799EC88-BB1E-4FC8-8E1E-95444DD174E0}.Debug|x64.Build.0 = Debug|x64
		{0799EC88-BB1E-4FC8-8E1E-95444DD174E0}.Debug|x86.ActiveCfg = Debug|Win32
		{0799EC88-BB1E-4FC8-8E1E-95444DD174E0}.Debug|x86.Build.0 = Debug|Win32
		{0799EC88-BB1E-4FC8-8E1E-95444DD174E0}.Release|x64.ActiveCfg = Release|x64
		{0799EC88-BB1E-4FC8-8E1E-95444DD174E0}.Release|x64.Build.0 = Release|x64
		{0799EC88-BB1E-4FC8-8E1E-95444DD174E0}.Release|x86.ActiveCfg = Release|Win32
		{0799EC88-BB1E-4FC8-8E1E-95444DD174E0}.Release|x86.Build.0 = Release|Win32
		{E509FEA3-180A-47E4-8FE5-FEE94076E348}.Debug|x64.ActiveCfg = Debug|x64
		{E509FEA3-180A-47E4-8FE5-FEE94076E348}.Debug|x64.Build.0 = Debug|x64
		{E509FEA3-180A-47E4-8FE5-FEE94076E348}.Debug|x86.ActiveCfg = Debug|Win32
		{E509FEA3-180A-47E4-8FE5-FEE94076E348}.Debug|x86.Build.0 = Debug|Win32
		{E509FEA3-180A-47E4-8FE5-FEE94076E348}.Release|x64.ActiveCfg = Release|x64
		{E509FEA3-180A-47E4-8FE5-FEE94076E348}.Release|x64.Build.0 = Release|x64
		{E509FEA3-180A-47E4-8FE5-FEE94076E348}.Release|x86.ActiveCfg = Release|Win32
		{E509FEA3-180A-47E4-8FE5-FEE94076E348}.Release|x86.Build.0 = Release|Win32
		{441120AD-9FB0-4BD2-81CD-0809707CDCC0}.Debug|x64.ActiveCfg = Debug|x64
		{441120AD-9FB0-4BD2-81CD-0809707CDCC0}.Debug|x64.Build.0 = Debug|x64
		{441120AD-9FB0-4BD2-81CD-0809707CDCC0}.Debug|x86.ActiveCfg = Debug|Win32
		{441120AD-9FB0-4BD2-81CD-0809707CDCC0}.Debug|x86.Build.0 = Debug|Win32
		{441120AD-9FB0-4BD2-81CD-0809707CDCC0}.Release|x64.ActiveCfg = Release|x64
		{441120AD-9FB0-4BD2-81CD-0809707CDCC0}.Release|x64.Build.0 = Release|x64
		{441120AD-9FB0-4BD2-81CD-0809707CDCC0}.Release|x86.ActiveCfg = Release|Win32
		{441120AD-9FB0-4BD2-81CD-0809707CDCC0}.Release|x86.Build.0 = Release|Win32
		{937AD760-2A84-43DE-910E-45D59802EA10}.Debug|x64.ActiveCfg = Debug|x64
		{937AD760-2A84-43DE-910E-45D59802EA10}.Debug|x64.Build.0 = Debug|x64
		{937AD760-2A84-43DE-910E-45D59802EA10}.Debug|x86.ActiveCfg = Debug|Win32
		{937AD760-2A84-43DE-910E-45D59802EA10}.Debug|x86.Build.0 = Debug|Win32
		{937AD760-2A84-43DE-910E-45D59802EA10}.Release|x64.ActiveCfg = Release|x64
		{937AD760-2A84-43DE-910E-45D59802EA10}.Release|x64.Build.0 = Release|x64
		{937AD760-2A84-43DE-910E-45D59802EA10}.Release|x86.ActiveCfg = Release|Win32
		{937AD760-2A84-43DE-910E-45D59802EA10}.Release|x86.Build.0 = Release|Win32
		{363C7B86-DBFD-41B9-A72E-76697C08AB8E}.Debug|x64.ActiveCfg = Debug|x64
		{363C7B86-DBFD-41B9-A72E-76697C08AB8E}.Debug|x64.Build.0 = Debug|x64
		{363C7B86-DBFD-41B9-A72E-76697C08AB8E}.Debug|x86.ActiveCfg = Debug|Win32
		{363C7B86-DBFD-41B9-A72E-76697C08AB8E}.Debug|x86.Build.0 = Debug|Win32
		{363C7B86-DBFD-41B9-A72E-76697C08AB8E}.Release|x64.ActiveCfg = Release|x64
		{363C7B86-DBFD-41B9-A72E-76697C08AB8E}.Release|x64.Build.0 = Release|x64
		{363C7B86-DBFD-41B9-A72E-76697C08AB8E}.Release|x86.ActiveCfg = Release|Win32
		{363C7B86-DBFD-41B9-A72E-76697C08AB8E}.Release|x86.Build.0 = Release|Win32
		{FADC3731-E68B-41A5-948E-D6C9D3E0251B}.Debug|x64.ActiveCfg = Debug|x64
		{FADC3731-E68B-41A5-948E-D6C9D3E0251B}.Debug|x64.Build.0 = Debug|x64
		{FADC3731-E68B-41A5-948E-D6C9D3E0251B}.Debug|x86.ActiveCfg = Debug|Win32
		{FADC3731-E68B-41A5-948E-D6C9D3E0251B}.Debug|x86.Build.0 = Debug|Win32
		{FADC3731-E68B-41A5-948E-D6C9D3E0251B}.Release|x64.ActiveCfg = Release|x64
		{FADC3731-E68B-41A5-948E-D6C9D3E0251B}.Release|x64.Build.0 = Release|x64
		{FADC3731-E68B-41A5-948E-D6C9D3E0251B}.Release|x86.ActiveCfg = Release|Win32
		{FADC3731-E68B-41A5-948E-D6C9D3E0251B}.Release|x86.Build.0 = Release|Win32
		{04894914-B4A2-4110-B2AE-B331BD060BEE}.Debug|x64.ActiveCfg = Debug|x64
		{04894914-B4A2-4110-B2AE-B331BD060BEE}.Debug|x64.Build.0 = Debug|x64
		{04894914-B4A2-4110-B2AE-B331BD060BEE}.Debug|x86.ActiveCfg = Debug|Win32
		{04894914-B4A2-4110-B2AE-B331BD060BEE}.Debug|x86.Build.0 = Debug|Win32
		{04894914-B4A2-4110-B2AE-B331BD060BEE}.Release|x64.ActiveCfg = Release|x64
		{04894914-B4A2-4110-B2AE-B331BD060BEE}.Release|x64.Build.0 = Release|x64
		{04894914-B4A2-4110-B2AE-B331BD060BEE}.Release|x86.ActiveCfg = Release|Win32
		{04894914-B4A2-4110-B2AE-B331BD060BEE}.Release|x86.Build.0 = Release|Win32
		{17298F87-601E-4374-810C-CCD7F00093E4}.Debug|x64.ActiveCfg = Debug|x64
		{17298F87-601E-4374-810C-CCD7F00093E4}.Debug|x64.Build.0 = Debug|x64
		{17298F87-601E-4374-810C-CCD7F00093E4}.Debug|x86.ActiveCfg = Debug|Win32
		{17298F87-601E-4374-810C-CCD7F00093E4}.Debug|x86.Build.0 = Debug|Win32
		{17298F87-601E-4374-810C-CCD7F00093E4}.Release|x64.ActiveCfg = Release|x64
		{17298F87-601E-4374-810C-CCD7F00093E4}.Release|x64.Build.0 = Release|x64
		{17298F87-601E-4374-810C-CCD7F00093E4}.Release|x86.ActiveCfg = Release|Win32
		{17298F87-601E-4374-810C-CCD7F00093E4}.Release|x86.Build.0 = Release|Win32
		{E83162AF-B327-447F-90FE-E180DE3787A4}.Debug|x64.ActiveCfg = Debug|x64
		{E83162AF-B327-447F-90FE-E180DE3787A4}.Debug|x64.Build.0 = Debug|x64
		{E83162AF-B327-447F-90FE-E180DE3787A4}.Debug|x86.ActiveCfg = Debug|Win32
		{E83162AF-B327-447F-90FE-E180DE3787A4}.Debug|x86.Build.0 = Debug|Win32
		{E83162AF-B327-447F-90FE-E180DE3787A4}.Release|x64.ActiveCfg = Release|x64
		{E83162AF-B327-447F-90FE-E180DE3787A4}.Release|x64.Build.0 = Release|x64
		{E83162AF-B327-447F-90FE-E180DE3787A4}.Release|x86.ActiveCfg = Release|Win32
		{E83162AF-B327-447F-90FE-E180DE3787A4}.Release|x86.Build.0 = Release|Win32
		{FC6B646D-337A-4893-8B54-689127BE2C6F}.Debug|x64.ActiveCfg = Debug|x64
		{FC6B646D-337A-4893-8B54-689127BE2C6F}.Debug|x64.Build.0 = Debug|x64
		{FC6B646D-337A-4893-8B54-689127BE2C6F}.Debug|x86.ActiveCfg = Debug|Win32
		{FC6B646D-337A-4893-8B54-689127BE2C6F}.Debug|x86.Build.0 = Debug|Win32
		{FC6B646D-337A-4893-8B54-689127BE2C6F}.Release|x64.ActiveCfg = Release|x64
		{FC6B646D-337A-4893-8B54-689127BE2C6F}.Release|x64.Build.0 = Release|x64
		{FC6B646D-337A-4893-8B54-689127BE2C6F}.Release|x86.ActiveCfg = Release|Win32
		{FC6B646D-337A-4893-8B54-689127BE2C6F}.Release|x86.Build.0 = Release|Win32
		{289A7606-ABD4-4BA2-A346-3F36BB710F0C}.Debug|x64.ActiveCfg = Debug|x64
		{289A7606-ABD4-4BA2-A346-3F36BB710F0C}.Debug|x64.Build.0 = Debug|x64
		{289A7606-ABD4-4BA2-A346-3F36BB710F0C}.Debug|x86.ActiveCfg = Debug|Win32
		{289A7606-ABD4-4BA2-A346-3F36BB710F0C}.Debug|x86.Build.0 = Debug|Win32
		{289A7606-ABD4-4BA2-A346-3F36BB710F0C}.Release|x64.ActiveCfg = Release|x64
		{289A7606-ABD4-4BA2-A346-3F36BB710F0C}.Release|x64.Build.0 = Release|x64
		{289A7606-ABD4-4BA2-A346-3F36BB710F0C}.Release|x86.ActiveCfg = Release|Win32
		{289A7606-ABD4-4BA2-A346-3F36BB710F0C}.Release|x86.Build.0 = Release|Win32
		{DE85A4D0-D981-416B-A0D7-AFBEF827800E}.Debug|x64.ActiveCfg = Debug|x64
		{DE85A4D0-D981-416B-A0D7-AFBEF827800E}.Debug|x64.Build.0 = Debug|x64
		{DE85A4D0-D981-416B-A0D7-AFBEF827800E}.Debug|x86.ActiveCfg = Debug|Win32
		{DE85A4D0-D981-416B-A0D7-AFBEF827800E}.Debug|x86.Build.0 = Debug|Win32
		{DE85A4D0-D981-416B-A0D7-AFBEF827800E}.Release|x64.ActiveCfg = Release|x64
		{DE85A4D0-D981-416B-A0D7-AFBEF827800E}.Release|x64.Build.0 = Release|x64
		{DE85A4D0-D981-416B-A0D7-AFBEF827800E}.Release|x86.ActiveCfg = Release|Win32
		{DE85A4D0-D981-416B-A0D7-AFBEF827800E}.Release|x86.Build.0 = Release|Win32
		{852DF872-5F7B-44B0-87BB-C2C1CDD516E3}.Debug|x64.ActiveCfg = Debug|x64
		{852DF872-5F7B-44B0-87BB-C2C1CDD516E3}.Debug|x64.Build.0 = Debug|x64
		{852DF872-5F7B-44B0-87BB-C2C1CDD516E3}.Debug|x86.ActiveCfg = Debug|Win32
		{852DF872-5F7B-44B0-87BB-C2C1CDD516E3}.Debug|x86.Build.0 = Debug|Win32
		{852DF872-5F7B-44B0-87BB-C2C1CDD516E3}.Release|x64.ActiveCfg = Release|x64
		{852DF872-5F7B-44B0-87BB-C2C1CDD516E3}.Release|x64.Build.0 = Release|x64
		{852DF872-5F7B-44B0-87BB-C2C1CDD516E3}.Release|x86.ActiveCfg = Release|Win32
		{852DF872-5F7B-44B0-87BB-C2C1CDD516E3}.Release|x86.Build.0 = Release|Win32
		{24D21E07-6CF8-4AA3-A1D4-DB89632B7416}.Debug|x64.ActiveCfg = Debug|x64
		{24D21E07-6CF8-4AA3-A1D4-DB89632B7416}.Debug|x64.Build.0 = Debug|x64
		{24D21E07-6CF8-4AA3-A1D4-DB89632B7416}.Debug|x86.ActiveCfg = Debug|Win32
		{24D21E07-6CF8-4AA3-A1D4-DB89632B7416}.Debug|x86.Build.0 = Debug|Win32
		{24D21E07-6CF8-4AA3-A1D4-DB89632B7416}.Release|x64.ActiveCfg = Release|x64
		{24D21E07-6CF8-4AA3-A1D4-DB89632B7416}.Release|x64.Build.0 = Release|x64
		{24D21E07-6CF8-4AA3-A1D4-DB89632B7416}.Release|x86.ActiveCfg = Release|Win32
		{24D21E07-6CF8-4AA3-A1D4-DB89632B7416}.Release|x86.Build.0 = Release|Win32
		{07D28A4F-CD50-40CF-B44B-A26D3A6FE05C}.Debug|x64.ActiveCfg = Debug|x64
		{07D28A4F-CD50-40CF-B44B-A26D3A6FE05C}.Debug|x64.Build.0 = Debug|x64
		{07D28A4F-CD50-40CF-B44B-A26D3A6FE05C}.Debug|x86.ActiveCfg = Debug|Win32
		{07D28A4F-CD50-40CF-B44B-A26D3A6FE05C}.Debug|x86.Build.0 = Debug|Win32
		{07D28A4F-CD50-40CF-B44B-A26D3A6FE05C}.Release|x64.ActiveCfg = Release|x64
		{07D28A4F-CD50-40CF-B44B-A26D3A6FE05C}.Release|x64.Build.0 = Release|x64
		{07D28A4F-CD50-40CF-B44B-A26D3A6FE05C}.Release|x86.ActiveCfg = Release|Win32
		{07D28A4F-CD50-40CF-B44B-A26D3A6FE05C}.Release|x86.Build.0 = Release|Win32
		{4FA08FFA-FED1-4920-BBDA-4C816A06D8BC}.Debug|x64.ActiveCfg = Debug|x64
		{4FA08FFA-FED1-4920-BBDA-4C816A06D8BC}.Debug|x64.Build.0 = Debug|x64
		{4FA08FFA-FED1-4920-BBDA-4C816A06D8BC}.Debug|x86.ActiveCfg = Debug|Win32
		{4FA08FFA-FED1-4920-BBDA-4C816A06D8BC}.Debug|x86.Build.0 = Debug|Win32
		{4FA08FFA-FED1-4920-BBDA-4C816A06D8BC}.Release|x64.ActiveCfg = Release|x64
		{4FA08FFA-FED1-4920-BBDA-4C816A06D8BC}.Release|x64.Build.0 = Release|x64
		{4FA08FFA-FED1-4920-BBDA-4C816A06D8BC}.Release|x86.ActiveCfg = Release|Win32
		{4FA08FFA-FED1-4920-BBDA-4C816A06D8BC}.Release|x86.Build.0 = Release|Win32
		{6D25006E-9D35-42FB-BE3D-8BADFC8F4DBE}.Debug|x64.ActiveCfg = Debug|x64
		{6D25006E-9D35-42FB-BE3D-8BADFC8F4DBE}.Debug|x64.Build.0 = Debug|x64
		{6D25006E-9D35-42FB-BE3D-8BADFC8F4DBE}.Debug|x86.ActiveCfg = Debug|Win32
		{6D25006E-9D35-42FB-BE3D-8BADFC8F4DBE}.Debug|x86.Build.0 = Debug|Win32
		{6D25006E-9D35-42FB-BE3D-8BADFC8F4DBE}.Release|x64.ActiveCfg = Release|x64
		{6D25006E-9D35-42FB-BE3D-8BADFC8F4DBE}.Release|x64.Build.0 = Release|x64
		{6D25006E-9D35-42FB-BE3D-8BADFC8F4DBE}.Release|x86.ActiveCfg = Release|Win32
		{6D25006E-9D35-42FB-BE3D-8BADFC8F4DBE}.Release|x86.Build.0 = Release|Win32
		{DD467B7A-6DAE-4FF8-8655-09F5706DA477}.Debug|x64.ActiveCfg = Debug|x64
		{DD467B7A-6DAE-4FF8-8655-09F5706DA477}.Debug|x64.Build.0 = Debug|x64
		{DD467B7A-6DAE-4FF8-8655-09F5706DA477}.Debug|x86.ActiveCfg = Debug|Win32
		{DD467B7A-6DAE-4FF8-8655-09F5706DA477}.Debug|x86.Build.0 = Debug|Win32
		{DD467B7A-6DAE-4FF8-8655-09F5706DA477}.Release|x64.ActiveCfg = Release|x64
		{DD467B7A-6DAE-4FF8-8655-09F5706DA477}.Release|x64.Build.0 = Release|x64
		{DD467B7A-6DAE-4FF8-8655-09F5706DA477}.Release|x86.ActiveCfg = Release|Win32
		{DD467B7A-6DAE-4FF8-8655-09F5706DA477}.Release|x86.Build.0 = Release|Win32
		{A5544DBD-340C-4E7C-A904-CE23B06E3DC6}.Debug|x64.ActiveCfg = Debug|x64
		{A5544DBD-340C-4E7C-A904-CE23B06E3DC6}.Debug|x64.Build.0 = Debug|x64
		{A5544DBD-340C-4E7C-A904-CE23B06E3DC6}.Debug|x86.ActiveCfg = Debug|Win32
		{A5544DBD-340C-4E7C-A904-CE23B06E3DC6}.Debug|x86.Build.0 = Debug|Win32
		{A5544DBD-340C-4E7C-A904-CE23B06E3DC6}.Release|x64.ActiveCfg = Release|x64
		{A5544DBD-340C-4E7C-A904-CE23B06E3DC6}.Release|x64.Build.0 = Release|x64
		{A5544DBD-340C-4E7C-A904-CE23B06E3DC6}.Release|x86.ActiveCfg = Release|Win32
		{A5544DBD-340C-4E7C-A904-CE23B06E3DC6}.Release|x86.Build.0 = Release|Win32
		{E55CAD2F-B135-4E78-AFAF-BD5ECDAF49DB}.Debug|x64.ActiveCfg = Debug|x64
		{E55CAD2F-B135-4E78-AFAF-BD5ECDAF49DB}.Debug|x64.Build.0 = Debug|x64
		{E55CAD2F-B135-4E78-AFAF-BD5ECDAF49DB}.Debug|x86.ActiveCfg = Debug|Win32
		{E55CAD2F-B135-4E78-AFAF-BD5ECDAF49DB}.Debug|x86.Build.0 = Debug|Win32
		{E55CAD2F-B135-4E78-AFAF-BD5ECDAF49DB}.Release|x64.ActiveCfg = Release|x64
		{E55CAD2F-B135-4E78-AFAF-BD5ECDAF49DB}.Release|x64.Build.0 = Release|x64
		{E55CAD2F-B135-4E78-AFAF-BD5ECDAF49DB}.Release|x86.ActiveCfg = Release|Win32
		{E55CAD2F-B135-4E78-AFAF-BD5ECDAF49DB}.Release|x86.Build.0 = Release|Win32
		{3F6FBFC9-CBBA-4AB4-8209-9F5D44FAEF7F}.Debug|x64.ActiveCfg = Debug|x64
		{3F6FBFC9-CBBA-4AB4-8209-9F5D44FAEF7F}.Debug|x64.Build.0 = Debug|x64
		{3F6FBFC9-CBBA-4AB4-8209-9F5D44FAEF7F}.Debug|x86.ActiveCfg = Debug|Win32
		{3F6FBFC9-CBBA-4AB4-8209-9F5D44FAEF7F}.Debug|x86.Build.0 = Debug|Win32
		{3F6FBFC9-CBBA-4AB4-8209-9F5D44FAEF7F}.Release|x64.ActiveCfg = Release|x64
		{3F6FBFC9-CBBA-4AB4-8209-9F5D44FAEF7F}.Release|x64.Build.0 = Release|x64
		{3F6FBFC9-CBBA-4AB4-8209-9F5D44FAEF7F}.Release|x86.ActiveCfg = Release|Win32
		{3F6FBFC9-CBBA-4AB4-8209-9F5D44FAEF7F}.Release|x86.Build.0 = Release|Win32
		{A5073B2F-2850-4ED0-AFCD-C00646D315BC}.Debug|x64.ActiveCfg = Debug|x64
		{A5073B2F-2850-4ED0-AFCD-C00646D315BC}.Debug|x64.Build.0 = Debug|x64
		{A5073B2F-2850-4ED0-AFCD-C00646D315BC}.Debug|x86.ActiveCfg = Debug|Win32
		{A5073B2F-2850-4ED0-AFCD-C00646D315BC}.Debug|x86.Build.0 = Debug|Win32
		{A5073B2F-2850-4ED0-AFCD-C00646D315BC}.Release|x64.ActiveCfg = Release|x64
		{A5073B2F-2850-4ED0-AFCD-C00646D315BC}.Release|x64.Build.0 = Release|x64
		{A5073B2F-2850-4ED0-AFCD-C00646D315BC}.Release|x86.ActiveCfg = Release|Win32
		{A5073B2F-2850-4ED0-AFCD-C00646D315BC}.Release|x86.Build.0 = Release|Win32
		{BFA5F992-7023-4E8D-AD26-7D582A8DC4CA}.Debug|x64.ActiveCfg = Debug|x64
		{BFA5F992-7023-4E8D-AD26-7D582A8DC4CA}.Debug|x64.Build.0 = Debug|x64
		{BFA5F992-7023-4E8D-AD26-7D582A8DC4CA}.Debug|x86.ActiveCfg = Debug|Win32
		{BFA5F992-7023-4E8D-AD26-7D582A8DC4CA}.Debug|x86.Build.0 = Debug|Win32
		{BFA5F992-7023-4E8D-AD26-7D582A8DC4CA}.Release|x64.ActiveCfg = Release|x64
		{BFA5F992-7023-4E8D-AD26-7D582A8DC4CA}.Release|x64.Build.0 = Release|x64
		{BFA5F992-7023-4E8D-AD26-7D582A8DC4CA}.Release|x86.ActiveCfg = Release|Win32
		{BFA5F992-7023-4E8D-AD26-7D582A8DC4CA}.Release|x86.Build.0 = Release|Win32
		{E1572D61-C062-4EAD-9E39-CE88472A54FB}.Debug|x64.ActiveCfg = Debug|x64
		{E1572D61-C062-4EAD-9E39-CE88472A54FB}.Debug|x64.Build.0 = Debug|x64
		{E1572D61-C062-4EAD-9E39-CE88472A54FB}.Debug|x86.ActiveCfg = Debug|Win32
		{E1572D61-C062-4EAD-9E39-CE88472A54FB}.Debug|x86.Build.0 = Debug|Win32
		{E1572D61-C062-4EAD-9E39-CE88472A54FB}.Release|x64.ActiveCfg = Release|x64
		{E1572D61-C062-4EAD-9E39-CE88472A54FB}.Release|x64.Build.0 = Release|x64
		{E1572D61-C062-4EAD-9E39-CE88472A54FB}.Release|x86.ActiveCfg = Release|Win32
		{E1572D61-C062-4EAD-9E39-CE88472A54FB}.Release|x86.Build.0 = Release|Win32
		{AE58A301-6A88-4E7C-923D-F77E218BC2CE}.Debug|x64.ActiveCfg = Debug|x64
		{AE58A301-6A88-4E7C-923D-F77E218BC2CE}.Debug|x64.Build.0 = Debug|x64
		{AE58A301-6A88-4E7C-923D-F77E218BC2CE}.Debug|x86.ActiveCfg = Debug|Win32
		{AE58A301-6A88-4E7C-923D-F77E218BC2CE}.Debug|x86.Build.0 = Debug|Win32
		{AE58A301-6A88-4E7C-923D-F77E218BC2CE}.Release|x64.ActiveCfg = Release|x64
		{AE58A301-6A88-4E7C-923D-F77E218BC2CE}.Release|x64.Build.0 = Release|x64
		{AE58A301-6A88-4E7C-923D-F77E218BC2CE}.Release|x86.ActiveCfg = Release|Win32
		{AE58A301-6A88-4E7C-923D-F77E218BC2CE}.Release|x86.Build.0 = Release|Win32
		{06DC6702-4B38-44A1-B4C6-220E99CC0931}.Debug|x64.ActiveCfg = Debug|x64
		{06DC6702-4B38-44A1-B4C6-220E99CC0931}.Debug|x64.Build.0 = Debug|x64
		{06DC6702-4B38-44A1-B4C6-220E99CC0931}.Debug|x86.ActiveCfg = Debug|Win32
		{06DC6702-4B38-44A1-B4C6-220E99CC0931}.Debug|x86.Build.0 = Debug|Win32
		{06DC6702-4B38-44A1-B4C6-220E99CC0931}.Release|x64.ActiveCfg = Release|x64
		{06DC6702-4B38-44A1-B4C6-220E99CC0931}.Release|x64.Build.0 = Release|x64
		{06DC6702-4B38-44A1-B4C6-220E99CC0931}.Release|x86.ActiveCfg = Release|Win32
		{06DC6702-4B38-44A1-B4C6-220E99CC0931}.Release|x86.Build.0 = Release|Win32
		{DD9832AA-645A-461D-811D-418B2F054B1B}.Debug|x64.ActiveCfg = Debug|x64
		{DD9832AA-645A-461D-811D-418B2F054B1B}.Debug|x64.Build.0 = Debug|x64
		{DD9832AA-645A-461D-811D-418B2F054B1B}.Debug|x86.ActiveCfg = Debug|Win32
		{DD9832AA-645A-461D-811D-418B2F054B1B}.Debug|x86.Build.0 = Debug|Win32
		{DD9832AA-645A-461D-811D-418B2F054B1B}.Release|x64.ActiveCfg = Release|x64
		{DD9832AA-645A-461D-811D-418B2F054B1B}.Release|x64.Build.0 = Release|x64
		{DD9832AA-645A-461D-811D-418B2F054B1B}.Release|x86.ActiveCfg = Release|Win32
		{DD9832AA-645A-461D-811D-418B2F054B1B}.Release|x86.Build.0 = Release|Win32
		{9A4F101A-3740-4AFF-B53B-BD3666465C68}.Debug|x64.ActiveCfg = Debug|x64
		{9A4F101A-3740-4AFF-B53B-BD3666465C68}.Debug|x64.Build.0 = Debug|x64
		{9A4F101A-3740-4AFF-B53B-BD3666465C68}.Debug|x86.ActiveCfg = Debug|Win32
		{9A4F101A-3740-4AFF-B53B-BD3666465C68}.Debug|x86.Build.0 = Debug|Win32
		{9A4F101A-3740-4AFF-B53B-BD3666465C68}.Release|x64.ActiveCfg = Release|x64
		{9A4F101A-3740-4AFF-B53B-BD3666465C68}.Release|x64.Build.0 = Release|x64
		{9A4F101A-3740-4AFF-B53B-BD3666465C68}.Release|x86.ActiveCfg = Release|Win32
		{9A4F101A-3740-4AFF-B53B-BD3666465C68}.Release|x86.Build.0 = Release|Win32
		{47D0BB90-2C3F-45D5-A6DA-B593213C8531}.Debug|x64.ActiveCfg = Debug|x64
		{47D0BB90-2C3F-45D5-A6DA-B593213C8531}.Debug|x64.Build.0 = Debug|x64
		{47D0BB90-2C3F-45D5-A6DA-B593213C8531}.Debug|x86.ActiveCfg = Debug|Win32
		{47D0BB90-2C3F-45D5-A6DA-B593213C8531}.Debug|x86.Build.0 = Debug|Win32
		{47D0BB90-2C3F-45D5-A6DA-B593213C8531}.Release|x64.ActiveCfg = Release|x64
		{47D0BB90-2C3F-45D5-A6DA-B593213C8531}.Release|x64.Build.0 = Release|x64
		{47D0BB90-2C3F-45D5-A6DA-B593213C8531}.Release|x86.ActiveCfg = Release|Win32
		{47D0BB90-2C3F-45D5-A6DA-B593213C8531}.Release|x86.Build.0 = Release|Win32
		{F3E26488-9666-44BE-B4A8-C319AD2DC78E}.Debug|x64.ActiveCfg = Debug|x64
		{F3E26488-9666-44BE-B4A8-C319AD2DC78E}.Debug|x64.Build.0 = Debug|x64
		{F3E26488-9666-44BE-B4A8-C319AD2DC78E}.Debug|x86.ActiveCfg = Debug|Win32
		{F3E26488-9666-44BE-B4A8-C319AD2DC78E}.Debug|x86.Build.0 = Debug|Win32
		{F3E26488-9666-44BE-B4A8-C319AD2DC78E}.Release|x64.ActiveCfg = Release|x64
		{F3E26488-9666-44BE-B4A8-C319AD2DC78E}.Release|x64.Build.0 = Release|x64
		{F3E26488-9666-44BE-B4A8-C319AD2DC78E}.Release|x86.ActiveCfg = Release|Win32
		{F3E26488-9666-44BE-B4A8-C319AD2DC78E}.Release|x86.Build.0 = Release|Win32
		{EE663FE1-A61B-4E2C-9A15-1ECA782ED7FB}.Debug|x64.ActiveCfg = Debug|x64
		{EE663FE1-A61B-4E2C-9A15-1ECA782ED7FB}.Debug|x64.Build.0 = Debug|x64
		{EE663FE1-A61B-4E2C-9A15-1ECA782ED7FB}.Debug|x86.ActiveCfg = Debug|Win32
		{EE663FE1-A61B-4E2C-9A15-1ECA782ED7FB}.Debug|x86.Build.0 = Debug|Win32
		{EE663FE1-A61B-4E2C-9A15-1ECA782ED7FB}.Release|x64.ActiveCfg = Release|x64
		{EE663FE1-A61B-4E2C-9A15-1ECA782ED7FB}.Release|x64.Build.0 = Release|x64
		{EE663FE1-A61B-4E2C-9A15-1ECA782ED7FB}.Release|x86.ActiveCfg = Release|Win32
		{EE663FE1-A61B-4E2C-9A15-1ECA782ED7FB}.Release|x86.Build.0 = Release|Win32
		{1C1870BB-156D-43D9-A265-928A1833B0C2}.Debug|x64.ActiveCfg = Debug|x64
		{1C1870BB-156D-43D9-A265-928A1833B0C2}.Debug|x64.Build.0 = Debug|x64
		{1C1870BB-156D-43D9-A265-928A1833B0C2}.Debug|x86.ActiveCfg = Debug|Win32
		{1C1870BB-156D-43D9-A265-928A1833B0C2}.Debug|x86.Build.0 = Debug|Win32
		{1C1870BB-156D-43D9-A265-928A1833B0C2}.Release|x64.ActiveCfg = Release|x64
		{1C1870BB-156D-43D9-A265-928A1833B0C2}.Release|x64.Build.0 = Release|x64
		{1C1870BB-156D-43D9-A265-928A1833B0C2}.Release|x86.ActiveCfg = Release|Win32
		{1C1870BB-156D-43D9-A265-928A1833B0C2}.Release|x86.Build.0 = Release|Win32
		{093F937F-E122-4ABF-99B4-4C6B298C87EB}.Debug|x64.ActiveCfg = Debug|x64
		{093F937F-E122-4ABF-99B4-4C6B298C87EB}.Debug|x64.Build.0 = Debug|x64
		{093F937F-E122-4ABF-99B4-4C6B298C87EB}.Debug|x86.ActiveCfg = Debug|Win32
		{093F937F-E122-4ABF-99B4-4C6B298C87EB}.Debug|x86.Build.0 = Debug|Win32
		{093F937F-E122-4ABF-99B4-4C6B298C87EB}.Release|x64.ActiveCfg = Release|x64
		{093F937F-E122-4ABF-99B4-4C6B298C87EB}.Release|x64.Build.0 = Release|x64
		{093F937F-E122-4ABF-99B4-4C6B298C87EB}.Release|x86.ActiveCfg = Release|Win32
		{093F937F-E122-4ABF-99B4-4C6B298C87EB}.Release|x86.Build.0 = Release|Win32
		{6AE60682-6122-4156-98EA-9B193B1961B4}.Debug|x64.ActiveCfg = Debug|x64
		{6AE60682-6122-4156-98EA-9B193B1961B4}.Debug|x64.Build.0 = Debug|x64
		{6AE60682-6122-4156-98EA-9B193B1961B4}.Debug|x86.ActiveCfg = Debug|Win32
		{6AE60682-6122-4156-98EA-9B193B1961B4}.Debug|x86.Build.0 = Debug|Win32
		{6AE60682-6122-4156-98EA-9B193B1961B4}.Release|x64.ActiveCfg = Release|x64
		{6AE60682-6122-4156-98EA-9B193B1961B4}.Release|x64.Build.0 = Release|x64
		{6AE60682-6122-4156-98EA-9B193B1961B4}.Release|x86.ActiveCfg = Release|Win32
		{6AE60682-6122-4156-98EA-9B193B1961B4}.Release|x86.Build.0 = Release|Win32
		{3644991C-5161-4ADE-B238-286D13C49A62}.Debug|x64.ActiveCfg = Debug|x64
		{3644991C-5161-4ADE-B238-286D13C49A62}.Debug|x64.Build.0 = Debug|x64
		{3644991C-5161-4ADE-B238-286D13C49A62}.Debug|x86.ActiveCfg = Debug|Win32
		{3644991C-5161-4ADE-B238-286D13C49A62}.Debug|x86.Build.0 = Debug|Win32
		{3644991C-5161-4ADE-B238-286D13C49A62}.Release|x64.ActiveCfg = Release|x64
		{3644991C-5161-4ADE-B238-286D13C49A62}.Release|x64.Build.0 = Release|x64
		{3644991C-5161-4ADE-B238-286D13C49A62}.Release|x86.ActiveCfg = Release|Win32
		{3644991C-5161-4ADE-B238-286D13C49A62}.Release|x86.Build.0 = Release|Win32
		{E5E573E7-1A0E-4A00-8760-076F73F9A536}.Debug|x64.ActiveCfg = Debug|x64
		{E5E573E7-1A0E-4A00-8760-076F73F9A536}.Debug|x64.Build.0 = Debug|x64
		{E5E573E7-1A0E-4A00-8760-076F73F9A536}.Debug|x86.ActiveCfg = Debug|Win32
		{E5E573E7-1A0E-4A00-8760-076F73F9A536}.Debug|x86.Build.0 = Debug|Win32
		{E5E573E7-1A0E-4A00-8760-076F73F9A536}.Release|x64.ActiveCfg = Release|x64
		{E5E573E7-1A0E-4A00-8760-076F73F9A536}.Release|x64.Build.0 = Release|x64
		{E5E573E7-1A0E-4A00-8760-076F73F9A536}.Release|x86.ActiveCfg = Release|Win32
		{E5E573E7-1A0E-4A00-8760-076F73F9A536}.Release|x86.Build.0 = Release|Win32
		{0641480B-8BCC-42F2-AF6D-19F0FABD28C3}.Debug|x64.ActiveCfg = Debug|x64
		{0641480B-8BCC-42F2-AF6D-19F0FABD28C3}.Debug|x64.Build.0 = Debug|x64
		{0641480B-8BCC-42F2-AF6D-19F0FABD28C3}.Debug|x86.ActiveCfg = Debug|Win32
		{0641480B-8BCC-42F2-AF6D-19F0FABD28C3}.Debug|x86.Build.0 = Debug|Win32
		{0641480B-8BCC-42F2-AF6D-19F0FABD28C3}.Release|x64.ActiveCfg = Release|x64
		{0641480B-8BCC-42F2-AF6D-19F0FABD28C3}.Release|x64.Build.0 = Release|x64
		{0641480B-8BCC-42F2-AF6D-19F0FABD28C3}.Release|x86.ActiveCfg = Release|Win32
		{0641480B-8BCC-42F2-AF6D-19F0FABD28C3}.Release|x86.Build.0 = Release|Win32
		{180A6C55-166C-446D-84D3-6F40B307291D}.Debug|x64.ActiveCfg = Debug|x64
		{180A6C55-166C-446D-84D3-6F40B307291D}.Debug|x64.Build.0 = Debug|x64
		{180A6C55-166C-446D-84D3-6F40B307291D}.Debug|x86.ActiveCfg = Debug|Win32
		{180A6C55-166C-446D-84D3-6F40B307291D}.Debug|x86.Build.0 = Debug|Win32
		{180A6C55-166C-446D-84D3-6F40B307291D}.Release|x64.ActiveCfg = Release|x64
		{180A6C55-166C-446D-84D3-6F40B307291D}.Release|x64.Build.0 = Release|x64
		{180A6C55-166C-446D-84D3-6F40B307291D}.Release|x86.ActiveCfg = Release|Win32
		{180A6C55-166C-446D-84D3-6F40B307291D}.Release|x86.Build.0 = Release|Win32
		{90D0ED1A-3DA6-47D8-AF66-C560521443C5}.Debug|x64.ActiveCfg = Debug|x64
		{90D0ED1A-3DA6-47D8-AF66-C560521443C5}.Debug|x64.Build.0 = Debug|x64
		{90D0ED1A-3DA6-47D8-AF66-C560521443C5}.Debug|x86.ActiveCfg = Debug|Win32
		{90D0ED1A-3DA6-47D8-AF66-C560521443C5}.Debug|x86.Build.0 = Debug|Win32
		{90D0ED1A-3DA6-47D8-AF66-C560521443C5}.Release|x64.ActiveCfg = Release|x64
		{90D0ED1A-3DA6-47D8-AF66-C560521443C5}.Release|x64.Build.0 = Release|x64
		{90D0ED1A-3DA6-47D8-AF66-C560521443C5}.Release|x86.ActiveCfg = Release|Win32
		{90D0ED1A-3DA6-47D8-AF66-C560521443C5}.Release|x86.Build.0 = Release|Win32
	EndGlobalSection
	GlobalSection(SolutionProperties) = preSolution
		HideSolutionNode = FALSE
	EndGlobalSection
	GlobalSection(NestedProjects) = preSolution
		{93727052-28F0-43EB-82E4-10809094D7FA} = {FB4CBA2A-36A8-4791-90FC-476E7D4B5134}
		{8968A5BA-AAA1-45C8-A856-CC5C05043391} = {0CF5F95D-F9F2-4AE3-90F1-49207A11291D}
		{0799EC88-BB1E-4FC8-8E1E-95444DD174E0} = {0CF5F95D-F9F2-4AE3-90F1-49207A11291D}
		{E509FEA3-180A-47E4-8FE5-FEE94076E348} = {0CF5F95D-F9F2-4AE3-90F1-49207A11291D}
		{441120AD-9FB0-4BD2-81CD-0809707CDCC0} = {0CF5F95D-F9F2-4AE3-90F1-49207A11291D}
		{937AD760-2A84-43DE-910E-45D59802EA10} = {3372F5B2-3045-480B-83E1-164A8995565A}
		{363C7B86-DBFD-41B9-A72E-76697C08AB8E} = {3372F5B2-3045-480B-83E1-164A8995565A}
		{FADC3731-E68B-41A5-948E-D6C9D3E0251B} = {3372F5B2-3045-480B-83E1-164A8995565A}
		{04894914-B4A2-4110-B2AE-B331BD060BEE} = {3372F5B2-3045-480B-83E1-164A8995565A}
		{17298F87-601E-4374-810C-CCD7F00093E4} = {71DB881D-96C8-4D11-A474-E486D638EF3A}
		{E83162AF-B327-447F-90FE-E180DE3787A4} = {71DB881D-96C8-4D11-A474-E486D638EF3A}
		{FC6B646D-337A-4893-8B54-689127BE2C6F} = {71DB881D-96C8-4D11-A474-E486D638EF3A}
		{289A7606-ABD4-4BA2-A346-3F36BB710F0C} = {71DB881D-96C8-4D11-A474-E486D638EF3A}
		{DE85A4D0-D981-416B-A0D7-AFBEF827800E} = {B91BDDA7-456E-43B7-8A31-B2C3B38C9218}
		{852DF872-5F7B-44B0-87BB-C2C1CDD516E3} = {B91BDDA7-456E-43B7-8A31-B2C3B38C9218}
		{24D21E07-6CF8-4AA3-A1D4-DB89632B7416} = {B91BDDA7-456E-43B7-8A31-B2C3B38C9218}
		{07D28A4F-CD50-40CF-B44B-A26D3A6FE05C} = {B91BDDA7-456E-43B7-8A31-B2C3B38C9218}
		{4FA08FFA-FED1-4920-BBDA-4C816A06D8BC} = {14FBBAE4-CF00-4E59-A46B-68A535CA651A}
		{6D25006E-9D35-42FB-BE3D-8BADFC8F4DBE} = {14FBBAE4-CF00-4E59-A46B-68A535CA651A}
		{DD467B7A-6DAE-4FF8-8655-09F5706DA477} = {14FBBAE4-CF00-4E59-A46B-68A535CA651A}
		{A5544DBD-340C-4E7C-A904-CE23B06E3DC6} = {14FBBAE4-CF00-4E59-A46B-68A535CA651A}
		{E55CAD2F-B135-4E78-AFAF-BD5ECDAF49DB} = {395C8B49-12F3-454B-9CB4-16711914A1CC}
		{3F6FBFC9-CBBA-4AB4-8209-9F5D44FAEF7F} = {395C8B49-12F3-454B-9CB4-16711914A1CC}
		{A5073B2F-2850-4ED0-AFCD-C00646D315BC} = {395C8B49-12F3-454B-9CB4-16711914A1CC}
		{BFA5F992-7023-4E8D-AD26-7D582A8DC4CA} = {395C8B49-12F3-454B-9CB4-16711914A1CC}
		{E1572D61-C062-4EAD-9E39-CE88472A54FB} = {E5132BC7-C6F2-4766-AA84-356D1C085249}
		{AE58A301-6A88-4E7C-923D-F77E218BC2CE} = {E5132BC7-C6F2-4766-AA84-356D1C085249}
		{06DC6702-4B38-44A1-B4C6-220E99CC0931} = {E5132BC7-C6F2-4766-AA84-356D1C085249}
		{DD9832AA-645A-461D-811D-418B2F054B1B} = {E5132BC7-C6F2-4766-AA84-356D1C085249}
		{9A4F101A-3740-4AFF-B53B-BD3666465C68} = {983109B2-094C-46FC-BB59-759CC987DA2D}
		{47D0BB90-2C3F-45D5-A6DA-B593213C8531} = {983109B2-094C-46FC-BB59-759CC987DA2D}
		{F3E26488-9666-44BE-B4A8-C319AD2DC78E} = {983109B2-094C-46FC-BB59-759CC987DA2D}
		{EE663FE1-A61B-4E2C-9A15-1ECA782ED7FB} = {983109B2-094C-46FC-BB59-759CC987DA2D}
		{1C1870BB-156D-43D9-A265-928A1833B0C2} = {1E7DD188-A98A-455F-91D9-543E83FCD63D}
		{093F937F-E122-4ABF-99B4-4C6B298C87EB} = {1E7DD188-A98A-455F-91D9-543E83FCD63D}
		{6AE60682-6122-4156-98EA-9B193B1961B4} = {1E7DD188-A98A-455F-91D9-543E83FCD63D}
		{3644991C-5161-4ADE-B238-286D13C49A62} = {1E7DD188-A98A-455F-91D9-543E83FCD63D}
		{E5E573E7-1A0E-4A00-8760-076F73F9A536} = {1AD759AA-54C9-4A09-8C18-7BBD6548188F}
		{0641480B-8BCC-42F2-AF6D-19F0FABD28C3} = {1AD759AA-54C9-4A09-8C18-7BBD6548188F}
		{180A6C55-166C-446D-84D3-6F40B307291D} = {1AD759AA-54C9-4A09-8C18-7BBD6548188F}
		{90D0ED1A-3DA6-47D8-AF66-C560521443C5} = {1AD759AA-54C9-4A09-8C18-7BBD6548188F}
	EndGlobalSection
	GlobalSection(ExtensibilityGlobals) = postSolution
		SolutionGuid = {C5C596CD-B399-47C9-9B9E-E78295607709}
	EndGlobalSection
EndGlobal
