
Microsoft Visual Studio Solution File, Format Version 12.00
# Visual Studio Version 17
VisualStudioVersion = 17.10.35013.160
MinimumVisualStudioVersion = 10.0.40219.1
Project("{8BC9CEB8-8B4A-11D0-8D11-00A0C91BC942}") = "240627_42748", "240627_42748\240627_42748.vcxproj", "{93727052-28F0-43EB-82E4-10809094D7FA}"
EndProject
Project("{8BC9CEB8-8B4A-11D0-8D11-00A0C91BC942}") = "240701_12977", "240701_12977\240701_12977.vcxproj", "{8968A5BA-AAA1-45C8-A856-CC5C05043391}"
EndProject
Project("{8BC9CEB8-8B4A-11D0-8D11-00A0C91BC942}") = "240702_131128", "240702_131128\240702_131128.vcxproj", "{0799EC88-BB1E-4FC8-8E1E-95444DD174E0}"
EndProject
Project("{8BC9CEB8-8B4A-11D0-8D11-00A0C91BC942}") = "240703_136798", "240703_136798\240703_136798.vcxproj", "{E509FEA3-180A-47E4-8FE5-FEE94076E348}"
EndProject
Project("{8BC9CEB8-8B4A-11D0-8D11-00A0C91BC942}") = "240704_155652", "240704_155652\240704_155652.vcxproj", "{441120AD-9FB0-4BD2-81CD-0809707CDCC0}"
EndProject
Project("{8BC9CEB8-8B4A-11D0-8D11-00A0C91BC942}") = "240708_178871", "240708_178871\240708_178871.vcxproj", "{937AD760-2A84-43DE-910E-45D59802EA10}"
EndProject
Project("{8BC9CEB8-8B4A-11D0-8D11-00A0C91BC942}") = "240709_12912", "240709_12912\240709_12912.vcxproj", "{363C7B86-DBFD-41B9-A72E-76697C08AB8E}"
EndProject
Project("{8BC9CEB8-8B4A-11D0-8D11-00A0C91BC942}") = "240710_138477", "240710_138477\240710_138477.vcxproj", "{FADC3731-E68B-41A5-948E-D6C9D3E0251B}"
EndProject
Project("{8BC9CEB8-8B4A-11D0-8D11-00A0C91BC942}") = "240711_133502", "240711_133502\240711_133502.vcxproj", "{04894914-B4A2-4110-B2AE-B331BD060BEE}"
EndProject
Project("{8BC9CEB8-8B4A-11D0-8D11-00A0C91BC942}") = "240716_132267", "240716_132267\240716_132267.vcxproj", "{17298F87-601E-4374-810C-CCD7F00093E4}"
EndProject
Project("{2150E333-8FDC-42A3-9474-1A3956D46DE8}") = "0주차", "0주차", "{FB4CBA2A-36A8-4791-90FC-476E7D4B5134}"
EndProject
Project("{2150E333-8FDC-42A3-9474-1A3956D46DE8}") = "1주차", "1주차", "{0CF5F95D-F9F2-4AE3-90F1-49207A11291D}"
EndProject
Project("{2150E333-8FDC-42A3-9474-1A3956D46DE8}") = "2주차", "2주차", "{3372F5B2-3045-480B-83E1-164A8995565A}"
EndProject
Project("{8BC9CEB8-8B4A-11D0-8D11-00A0C91BC942}") = "240715_42576", "240715_42576\240715_42576.vcxproj", "{E83162AF-B327-447F-90FE-E180DE3787A4}"
EndProject
Project("{2150E333-8FDC-42A3-9474-1A3956D46DE8}") = "3주차", "3주차", "{71DB881D-96C8-4D11-A474-E486D638EF3A}"
EndProject
Project("{8BC9CEB8-8B4A-11D0-8D11-00A0C91BC942}") = "240717_12943", "240717_12943\240717_12943.vcxproj", "{FC6B646D-337A-4893-8B54-689127BE2C6F}"
EndProject
Project("{8BC9CEB8-8B4A-11D0-8D11-00A0C91BC942}") = "240718_12922", "240718_12922\240718_12922.vcxproj", "{289A7606-ABD4-4BA2-A346-3F36BB710F0C}"
EndProject
Project("{2150E333-8FDC-42A3-9474-1A3956D46DE8}") = "4주차", "4주차", "{B91BDDA7-456E-43B7-8A31-B2C3B38C9218}"
EndProject
Project("{8BC9CEB8-8B4A-11D0-8D11-00A0C91BC942}") = "240722_1845", "240722_1845\240722_1845.vcxproj", "{DE85A4D0-D981-416B-A0D7-AFBEF827800E}"
EndProject
Project("{8BC9CEB8-8B4A-11D0-8D11-00A0C91BC942}") = "240723_67256", "240723_67256\240723_67256.vcxproj", "{852DF872-5F7B-44B0-87BB-C2C1CDD516E3}"
EndProject
Global
	GlobalSection(SolutionConfigurationPlatforms) = preSolution
		Debug|x64 = Debug|x64
		Debug|x86 = Debug|x86
		Release|x64 = Release|x64
		Release|x86 = Release|x86
	EndGlobalSection
	GlobalSection(ProjectConfigurationPlatforms) = postSolution
		{93727052-28F0-43EB-82E4-10809094D7FA}.Debug|x64.ActiveCfg = Debug|x64
		{93727052-28F0-43EB-82E4-10809094D7FA}.Debug|x64.Build.0 = Debug|x64
		{93727052-28F0-43EB-82E4-10809094D7FA}.Debug|x86.ActiveCfg = Debug|Win32
		{93727052-28F0-43EB-82E4-10809094D7FA}.Debug|x86.Build.0 = Debug|Win32
		{93727052-28F0-43EB-82E4-10809094D7FA}.Release|x64.ActiveCfg = Release|x64
		{93727052-28F0-43EB-82E4-10809094D7FA}.Release|x64.Build.0 = Release|x64
		{93727052-28F0-43EB-82E4-10809094D7FA}.Release|x86.ActiveCfg = Release|Win32
		{93727052-28F0-43EB-82E4-10809094D7FA}.Release|x86.Build.0 = Release|Win32
		{8968A5BA-AAA1-45C8-A856-CC5C05043391}.Debug|x64.ActiveCfg = Debug|x64
		{8968A5BA-AAA1-45C8-A856-CC5C05043391}.Debug|x64.Build.0 = Debug|x64
		{8968A5BA-AAA1-45C8-A856-CC5C05043391}.Debug|x86.ActiveCfg = Debug|Win32
		{8968A5BA-AAA1-45C8-A856-CC5C05043391}.Debug|x86.Build.0 = Debug|Win32
		{8968A5BA-AAA1-45C8-A856-CC5C05043391}.Release|x64.ActiveCfg = Release|x64
		{8968A5BA-AAA1-45C8-A856-CC5C05043391}.Release|x64.Build.0 = Release|x64
		{8968A5BA-AAA1-45C8-A856-CC5C05043391}.Release|x86.ActiveCfg = Release|Win32
		{8968A5BA-AAA1-45C8-A856-CC5C05043391}.Release|x86.Build.0 = Release|Win32
		{0799EC88-BB1E-4FC8-8E1E-95444DD174E0}.Debug|x64.ActiveCfg = Debug|x64
		{0799EC88-BB1E-4FC8-8E1E-95444DD174E0}.Debug|x64.Build.0 = Debug|x64
		{0799EC88-BB1E-4FC8-8E1E-95444DD174E0}.Debug|x86.ActiveCfg = Debug|Win32
		{0799EC88-BB1E-4FC8-8E1E-95444DD174E0}.Debug|x86.Build.0 = Debug|Win32
		{0799EC88-BB1E-4FC8-8E1E-95444DD174E0}.Release|x64.ActiveCfg = Release|x64
		{0799EC88-BB1E-4FC8-8E1E-95444DD174E0}.Release|x64.Build.0 = Release|x64
		{0799EC88-BB1E-4FC8-8E1E-95444DD174E0}.Release|x86.ActiveCfg = Release|Win32
		{0799EC88-BB1E-4FC8-8E1E-95444DD174E0}.Release|x86.Build.0 = Release|Win32
		{E509FEA3-180A-47E4-8FE5-FEE94076E348}.Debug|x64.ActiveCfg = Debug|x64
		{E509FEA3-180A-47E4-8FE5-FEE94076E348}.Debug|x64.Build.0 = Debug|x64
		{E509FEA3-180A-47E4-8FE5-FEE94076E348}.Debug|x86.ActiveCfg = Debug|Win32
		{E509FEA3-180A-47E4-8FE5-FEE94076E348}.Debug|x86.Build.0 = Debug|Win32
		{E509FEA3-180A-47E4-8FE5-FEE94076E348}.Release|x64.ActiveCfg = Release|x64
		{E509FEA3-180A-47E4-8FE5-FEE94076E348}.Release|x64.Build.0 = Release|x64
		{E509FEA3-180A-47E4-8FE5-FEE94076E348}.Release|x86.ActiveCfg = Release|Win32
		{E509FEA3-180A-47E4-8FE5-FEE94076E348}.Release|x86.Build.0 = Release|Win32
		{441120AD-9FB0-4BD2-81CD-0809707CDCC0}.Debug|x64.ActiveCfg = Debug|x64
		{441120AD-9FB0-4BD2-81CD-0809707CDCC0}.Debug|x64.Build.0 = Debug|x64
		{441120AD-9FB0-4BD2-81CD-0809707CDCC0}.Debug|x86.ActiveCfg = Debug|Win32
		{441120AD-9FB0-4BD2-81CD-0809707CDCC0}.Debug|x86.Build.0 = Debug|Win32
		{441120AD-9FB0-4BD2-81CD-0809707CDCC0}.Release|x64.ActiveCfg = Release|x64
		{441120AD-9FB0-4BD2-81CD-0809707CDCC0}.Release|x64.Build.0 = Release|x64
		{441120AD-9FB0-4BD2-81CD-0809707CDCC0}.Release|x86.ActiveCfg = Release|Win32
		{441120AD-9FB0-4BD2-81CD-0809707CDCC0}.Release|x86.Build.0 = Release|Win32
		{937AD760-2A84-43DE-910E-45D59802EA10}.Debug|x64.ActiveCfg = Debug|x64
		{937AD760-2A84-43DE-910E-45D59802EA10}.Debug|x64.Build.0 = Debug|x64
		{937AD760-2A84-43DE-910E-45D59802EA10}.Debug|x86.ActiveCfg = Debug|Win32
		{937AD760-2A84-43DE-910E-45D59802EA10}.Debug|x86.Build.0 = Debug|Win32
		{937AD760-2A84-43DE-910E-45D59802EA10}.Release|x64.ActiveCfg = Release|x64
		{937AD760-2A84-43DE-910E-45D59802EA10}.Release|x64.Build.0 = Release|x64
		{937AD760-2A84-43DE-910E-45D59802EA10}.Release|x86.ActiveCfg = Release|Win32
		{937AD760-2A84-43DE-910E-45D59802EA10}.Release|x86.Build.0 = Release|Win32
		{363C7B86-DBFD-41B9-A72E-76697C08AB8E}.Debug|x64.ActiveCfg = Debug|x64
		{363C7B86-DBFD-41B9-A72E-76697C08AB8E}.Debug|x64.Build.0 = Debug|x64
		{363C7B86-DBFD-41B9-A72E-76697C08AB8E}.Debug|x86.ActiveCfg = Debug|Win32
		{363C7B86-DBFD-41B9-A72E-76697C08AB8E}.Debug|x86.Build.0 = Debug|Win32
		{363C7B86-DBFD-41B9-A72E-76697C08AB8E}.Release|x64.ActiveCfg = Release|x64
		{363C7B86-DBFD-41B9-A72E-76697C08AB8E}.Release|x64.Build.0 = Release|x64
		{363C7B86-DBFD-41B9-A72E-76697C08AB8E}.Release|x86.ActiveCfg = Release|Win32
		{363C7B86-DBFD-41B9-A72E-76697C08AB8E}.Release|x86.Build.0 = Release|Win32
		{FADC3731-E68B-41A5-948E-D6C9D3E0251B}.Debug|x64.ActiveCfg = Debug|x64
		{FADC3731-E68B-41A5-948E-D6C9D3E0251B}.Debug|x64.Build.0 = Debug|x64
		{FADC3731-E68B-41A5-948E-D6C9D3E0251B}.Debug|x86.ActiveCfg = Debug|Win32
		{FADC3731-E68B-41A5-948E-D6C9D3E0251B}.Debug|x86.Build.0 = Debug|Win32
		{FADC3731-E68B-41A5-948E-D6C9D3E0251B}.Release|x64.ActiveCfg = Release|x64
		{FADC3731-E68B-41A5-948E-D6C9D3E0251B}.Release|x64.Build.0 = Release|x64
		{FADC3731-E68B-41A5-948E-D6C9D3E0251B}.Release|x86.ActiveCfg = Release|Win32
		{FADC3731-E68B-41A5-948E-D6C9D3E0251B}.Release|x86.Build.0 = Release|Win32
		{04894914-B4A2-4110-B2AE-B331BD060BEE}.Debug|x64.ActiveCfg = Debug|x64
		{04894914-B4A2-4110-B2AE-B331BD060BEE}.Debug|x64.Build.0 = Debug|x64
		{04894914-B4A2-4110-B2AE-B331BD060BEE}.Debug|x86.ActiveCfg = Debug|Win32
		{04894914-B4A2-4110-B2AE-B331BD060BEE}.Debug|x86.Build.0 = Debug|Win32
		{04894914-B4A2-4110-B2AE-B331BD060BEE}.Release|x64.ActiveCfg = Release|x64
		{04894914-B4A2-4110-B2AE-B331BD060BEE}.Release|x64.Build.0 = Release|x64
		{04894914-B4A2-4110-B2AE-B331BD060BEE}.Release|x86.ActiveCfg = Release|Win32
		{04894914-B4A2-4110-B2AE-B331BD060BEE}.Release|x86.Build.0 = Release|Win32
		{17298F87-601E-4374-810C-CCD7F00093E4}.Debug|x64.ActiveCfg = Debug|x64
		{17298F87-601E-4374-810C-CCD7F00093E4}.Debug|x64.Build.0 = Debug|x64
		{17298F87-601E-4374-810C-CCD7F00093E4}.Debug|x86.ActiveCfg = Debug|Win32
		{17298F87-601E-4374-810C-CCD7F00093E4}.Debug|x86.Build.0 = Debug|Win32
		{17298F87-601E-4374-810C-CCD7F00093E4}.Release|x64.ActiveCfg = Release|x64
		{17298F87-601E-4374-810C-CCD7F00093E4}.Release|x64.Build.0 = Release|x64
		{17298F87-601E-4374-810C-CCD7F00093E4}.Release|x86.ActiveCfg = Release|Win32
		{17298F87-601E-4374-810C-CCD7F00093E4}.Release|x86.Build.0 = Release|Win32
		{E83162AF-B327-447F-90FE-E180DE3787A4}.Debug|x64.ActiveCfg = Debug|x64
		{E83162AF-B327-447F-90FE-E180DE3787A4}.Debug|x64.Build.0 = Debug|x64
		{E83162AF-B327-447F-90FE-E180DE3787A4}.Debug|x86.ActiveCfg = Debug|Win32
		{E83162AF-B327-447F-90FE-E180DE3787A4}.Debug|x86.Build.0 = Debug|Win32
		{E83162AF-B327-447F-90FE-E180DE3787A4}.Release|x64.ActiveCfg = Release|x64
		{E83162AF-B327-447F-90FE-E180DE3787A4}.Release|x64.Build.0 = Release|x64
		{E83162AF-B327-447F-90FE-E180DE3787A4}.Release|x86.ActiveCfg = Release|Win32
		{E83162AF-B327-447F-90FE-E180DE3787A4}.Release|x86.Build.0 = Release|Win32
		{FC6B646D-337A-4893-8B54-689127BE2C6F}.Debug|x64.ActiveCfg = Debug|x64
		{FC6B646D-337A-4893-8B54-689127BE2C6F}.Debug|x64.Build.0 = Debug|x64
		{FC6B646D-337A-4893-8B54-689127BE2C6F}.Debug|x86.ActiveCfg = Debug|Win32
		{FC6B646D-337A-4893-8B54-689127BE2C6F}.Debug|x86.Build.0 = Debug|Win32
		{FC6B646D-337A-4893-8B54-689127BE2C6F}.Release|x64.ActiveCfg = Release|x64
		{FC6B646D-337A-4893-8B54-689127BE2C6F}.Release|x64.Build.0 = Release|x64
		{FC6B646D-337A-4893-8B54-689127BE2C6F}.Release|x86.ActiveCfg = Release|Win32
		{FC6B646D-337A-4893-8B54-689127BE2C6F}.Release|x86.Build.0 = Release|Win32
		{289A7606-ABD4-4BA2-A346-3F36BB710F0C}.Debug|x64.ActiveCfg = Debug|x64
		{289A7606-ABD4-4BA2-A346-3F36BB710F0C}.Debug|x64.Build.0 = Debug|x64
		{289A7606-ABD4-4BA2-A346-3F36BB710F0C}.Debug|x86.ActiveCfg = Debug|Win32
		{289A7606-ABD4-4BA2-A346-3F36BB710F0C}.Debug|x86.Build.0 = Debug|Win32
		{289A7606-ABD4-4BA2-A346-3F36BB710F0C}.Release|x64.ActiveCfg = Release|x64
		{289A7606-ABD4-4BA2-A346-3F36BB710F0C}.Release|x64.Build.0 = Release|x64
		{289A7606-ABD4-4BA2-A346-3F36BB710F0C}.Release|x86.ActiveCfg = Release|Win32
		{289A7606-ABD4-4BA2-A346-3F36BB710F0C}.Release|x86.Build.0 = Release|Win32
		{DE85A4D0-D981-416B-A0D7-AFBEF827800E}.Debug|x64.ActiveCfg = Debug|x64
		{DE85A4D0-D981-416B-A0D7-AFBEF827800E}.Debug|x64.Build.0 = Debug|x64
		{DE85A4D0-D981-416B-A0D7-AFBEF827800E}.Debug|x86.ActiveCfg = Debug|Win32
		{DE85A4D0-D981-416B-A0D7-AFBEF827800E}.Debug|x86.Build.0 = Debug|Win32
		{DE85A4D0-D981-416B-A0D7-AFBEF827800E}.Release|x64.ActiveCfg = Release|x64
		{DE85A4D0-D981-416B-A0D7-AFBEF827800E}.Release|x64.Build.0 = Release|x64
		{DE85A4D0-D981-416B-A0D7-AFBEF827800E}.Release|x86.ActiveCfg = Release|Win32
		{DE85A4D0-D981-416B-A0D7-AFBEF827800E}.Release|x86.Build.0 = Release|Win32
		{852DF872-5F7B-44B0-87BB-C2C1CDD516E3}.Debug|x64.ActiveCfg = Debug|x64
		{852DF872-5F7B-44B0-87BB-C2C1CDD516E3}.Debug|x64.Build.0 = Debug|x64
		{852DF872-5F7B-44B0-87BB-C2C1CDD516E3}.Debug|x86.ActiveCfg = Debug|Win32
		{852DF872-5F7B-44B0-87BB-C2C1CDD516E3}.Debug|x86.Build.0 = Debug|Win32
		{852DF872-5F7B-44B0-87BB-C2C1CDD516E3}.Release|x64.ActiveCfg = Release|x64
		{852DF872-5F7B-44B0-87BB-C2C1CDD516E3}.Release|x64.Build.0 = Release|x64
		{852DF872-5F7B-44B0-87BB-C2C1CDD516E3}.Release|x86.ActiveCfg = Release|Win32
		{852DF872-5F7B-44B0-87BB-C2C1CDD516E3}.Release|x86.Build.0 = Release|Win32
	EndGlobalSection
	GlobalSection(SolutionProperties) = preSolution
		HideSolutionNode = FALSE
	EndGlobalSection
	GlobalSection(NestedProjects) = preSolution
		{93727052-28F0-43EB-82E4-10809094D7FA} = {FB4CBA2A-36A8-4791-90FC-476E7D4B5134}
		{8968A5BA-AAA1-45C8-A856-CC5C05043391} = {0CF5F95D-F9F2-4AE3-90F1-49207A11291D}
		{0799EC88-BB1E-4FC8-8E1E-95444DD174E0} = {0CF5F95D-F9F2-4AE3-90F1-49207A11291D}
		{E509FEA3-180A-47E4-8FE5-FEE94076E348} = {0CF5F95D-F9F2-4AE3-90F1-49207A11291D}
		{441120AD-9FB0-4BD2-81CD-0809707CDCC0} = {0CF5F95D-F9F2-4AE3-90F1-49207A11291D}
		{937AD760-2A84-43DE-910E-45D59802EA10} = {3372F5B2-3045-480B-83E1-164A8995565A}
		{363C7B86-DBFD-41B9-A72E-76697C08AB8E} = {3372F5B2-3045-480B-83E1-164A8995565A}
		{FADC3731-E68B-41A5-948E-D6C9D3E0251B} = {3372F5B2-3045-480B-83E1-164A8995565A}
		{04894914-B4A2-4110-B2AE-B331BD060BEE} = {3372F5B2-3045-480B-83E1-164A8995565A}
		{17298F87-601E-4374-810C-CCD7F00093E4} = {71DB881D-96C8-4D11-A474-E486D638EF3A}
		{E83162AF-B327-447F-90FE-E180DE3787A4} = {71DB881D-96C8-4D11-A474-E486D638EF3A}
		{FC6B646D-337A-4893-8B54-689127BE2C6F} = {71DB881D-96C8-4D11-A474-E486D638EF3A}
		{289A7606-ABD4-4BA2-A346-3F36BB710F0C} = {71DB881D-96C8-4D11-A474-E486D638EF3A}
		{DE85A4D0-D981-416B-A0D7-AFBEF827800E} = {B91BDDA7-456E-43B7-8A31-B2C3B38C9218}
		{852DF872-5F7B-44B0-87BB-C2C1CDD516E3} = {B91BDDA7-456E-43B7-8A31-B2C3B38C9218}
	EndGlobalSection
	GlobalSection(ExtensibilityGlobals) = postSolution
		SolutionGuid = {C5C596CD-B399-47C9-9B9E-E78295607709}
	EndGlobalSection
EndGlobal
